
Microsoft Visual Studio Solution File, Format Version 12.00
# Visual Studio Version 17
VisualStudioVersion = 17.14.36414.22
MinimumVisualStudioVersion = 10.0.40219.1
Project("{FAE04EC0-301F-11D3-BF4B-00C04F79EFBC}") = "BrownianMotion", "BrownianMotion\BrownianMotion.csproj", "{B82799AF-AFF8-4B25-A117-3EC609AE8537}"
EndProject
Project("{FAE04EC0-301F-11D3-BF4B-00C04F79EFBC}") = "BrownianMotion.Tests", "BrownianMotion.Tests\BrownianMotion.Tests.csproj", "{7060D21D-7767-430E-A9FD-9B63CDD565EA}"
EndProject
Global
	GlobalSection(SolutionConfigurationPlatforms) = preSolution
		Debug|Any CPU = Debug|Any CPU
		Release|Any CPU = Release|Any CPU
	EndGlobalSection
	GlobalSection(ProjectConfigurationPlatforms) = postSolution
		{B82799AF-AFF8-4B25-A117-3EC609AE8537}.Debug|Any CPU.ActiveCfg = Debug|Any CPU
		{B82799AF-AFF8-4B25-A117-3EC609AE8537}.Debug|Any CPU.Build.0 = Debug|Any CPU
		{B82799AF-AFF8-4B25-A117-3EC609AE8537}.Release|Any CPU.ActiveCfg = Release|Any CPU
		{B82799AF-AFF8-4B25-A117-3EC609AE8537}.Release|Any CPU.Build.0 = Release|Any CPU
		{7060D21D-7767-430E-A9FD-9B63CDD565EA}.Debug|Any CPU.ActiveCfg = Debug|Any CPU
		{7060D21D-7767-430E-A9FD-9B63CDD565EA}.Debug|Any CPU.Build.0 = Debug|Any CPU
		{7060D21D-7767-430E-A9FD-9B63CDD565EA}.Release|Any CPU.ActiveCfg = Release|Any CPU
		{7060D21D-7767-430E-A9FD-9B63CDD565EA}.Release|Any CPU.Build.0 = Release|Any CPU
	EndGlobalSection
	GlobalSection(SolutionProperties) = preSolution
		HideSolutionNode = FALSE
	EndGlobalSection
	GlobalSection(ExtensibilityGlobals) = postSolution
		SolutionGuid = {CD4054F4-1C7B-49DD-B996-DB4E96B4750D}
	EndGlobalSection
EndGlobal
